# This file was autogenerated by Stack.
# You should not edit this file by hand.
# For more information, please see the documentation at:
#   https://docs.haskellstack.org/en/stable/lock_files

packages:
- completed:
    hackage: regex-tdfa-text-1.0.0.3@sha256:fb72123627eadf43dd5ca74a2896940d50aac291e61f62177960f0563f7d5c03,1180
    pantry-tree:
      size: 293
      sha256: 274206c4f30a2c85cc8daefcb0d221b45010a28f1c0f39295189850eecc978e4
  original:
    hackage: regex-tdfa-text-1.0.0.3@sha256:fb72123627eadf43dd5ca74a2896940d50aac291e61f62177960f0563f7d5c03,1180
snapshots:
- completed:
    size: 585392
    url: https://raw.githubusercontent.com/commercialhaskell/stackage-snapshots/master/lts/18/1.yaml
    sha256: 4e4c5e435a2f1c6f3c650f282db0f387f806406ed4fe6ef1aa4e6add9035d065
  original:
    url: https://raw.githubusercontent.com/commercialhaskell/stackage-snapshots/master/lts/18/1.yaml
